
Microsoft Visual Studio Solution File, Format Version 12.00
# Visual Studio 14
VisualStudioVersion = 14.0.22823.1
MinimumVisualStudioVersion = 10.0.40219.1
Project("{FAE04EC0-301F-11D3-BF4B-00C04F79EFBC}") = "Sawara.PubSub", "Sawara.PubSub\Sawara.PubSub.csproj", "{F56A39AE-E567-4BF2-8BD6-DDFA0B30A47B}"
EndProject
Project("{FAE04EC0-301F-11D3-BF4B-00C04F79EFBC}") = "Sawara.PubSub.Test", "Sawara.PubSub.Test\Sawara.PubSub.Test.csproj", "{DAC5D41F-62B9-46B3-A4DB-0CD5E62A2D45}"
EndProject
Global
	GlobalSection(SolutionConfigurationPlatforms) = preSolution
		Debug|Any CPU = Debug|Any CPU
		Release 3.5|Any CPU = Release 3.5|Any CPU
		Release 4.0|Any CPU = Release 4.0|Any CPU
	EndGlobalSection
	GlobalSection(ProjectConfigurationPlatforms) = postSolution
		{F56A39AE-E567-4BF2-8BD6-DDFA0B30A47B}.Debug|Any CPU.ActiveCfg = Debug|Any CPU
		{F56A39AE-E567-4BF2-8BD6-DDFA0B30A47B}.Debug|Any CPU.Build.0 = Debug|Any CPU
		{F56A39AE-E567-4BF2-8BD6-DDFA0B30A47B}.Release 3.5|Any CPU.ActiveCfg = Release 3.5|Any CPU
		{F56A39AE-E567-4BF2-8BD6-DDFA0B30A47B}.Release 3.5|Any CPU.Build.0 = Release 3.5|Any CPU
		{F56A39AE-E567-4BF2-8BD6-DDFA0B30A47B}.Release 4.0|Any CPU.ActiveCfg = Release 4.0|Any CPU
		{F56A39AE-E567-4BF2-8BD6-DDFA0B30A47B}.Release 4.0|Any CPU.Build.0 = Release 4.0|Any CPU
		{DAC5D41F-62B9-46B3-A4DB-0CD5E62A2D45}.Debug|Any CPU.ActiveCfg = Debug|Any CPU
		{DAC5D41F-62B9-46B3-A4DB-0CD5E62A2D45}.Debug|Any CPU.Build.0 = Debug|Any CPU
		{DAC5D41F-62B9-46B3-A4DB-0CD5E62A2D45}.Release 3.5|Any CPU.ActiveCfg = Release|Any CPU
		{DAC5D41F-62B9-46B3-A4DB-0CD5E62A2D45}.Release 3.5|Any CPU.Build.0 = Release|Any CPU
		{DAC5D41F-62B9-46B3-A4DB-0CD5E62A2D45}.Release 4.0|Any CPU.ActiveCfg = Release 4.0|Any CPU
		{DAC5D41F-62B9-46B3-A4DB-0CD5E62A2D45}.Release 4.0|Any CPU.Build.0 = Release 4.0|Any CPU
	EndGlobalSection
	GlobalSection(SolutionProperties) = preSolution
		HideSolutionNode = FALSE
	EndGlobalSection
EndGlobal
